
Microsoft Visual Studio Solution File, Format Version 12.00
# Visual Studio Version 17
VisualStudioVersion = 17.4.33403.182
MinimumVisualStudioVersion = 10.0.40219.1
Project("{FAE04EC0-301F-11D3-BF4B-00C04F79EFBC}") = "Lists", "Lists\Lists.csproj", "{1055E2A4-E889-4663-BE46-C34ED6FF04B2}"
EndProject
Global
	GlobalSection(SolutionConfigurationPlatforms) = preSolution
		Debug|Any CPU = Debug|Any CPU
		Release|Any CPU = Release|Any CPU
	EndGlobalSection
	GlobalSection(ProjectConfigurationPlatforms) = postSolution
		{1055E2A4-E889-4663-BE46-C34ED6FF04B2}.Debug|Any CPU.ActiveCfg = Debug|Any CPU
		{1055E2A4-E889-4663-BE46-C34ED6FF04B2}.Debug|Any CPU.Build.0 = Debug|Any CPU
		{1055E2A4-E889-4663-BE46-C34ED6FF04B2}.Release|Any CPU.ActiveCfg = Release|Any CPU
		{1055E2A4-E889-4663-BE46-C34ED6FF04B2}.Release|Any CPU.Build.0 = Release|Any CPU
	EndGlobalSection
	GlobalSection(SolutionProperties) = preSolution
		HideSolutionNode = FALSE
	EndGlobalSection
	GlobalSection(ExtensibilityGlobals) = postSolution
		SolutionGuid = {A062BDEC-A090-46E6-B0C5-7FD02C9795A6}
	EndGlobalSection
EndGlobal
